# This file is automatically @generated by Cargo.
# It is not intended for manual editing.
version = 4

[[package]]
name = "autocfg"
version = "1.5.0"
source = "registry+https://github.com/rust-lang/crates.io-index"
checksum = "c08606f8c3cbf4ce6ec8e28fb0014a2c086708fe954eaa885384a6165172e7e8"

[[package]]
name = "bitflags"
version = "2.10.0"
source = "registry+https://github.com/rust-lang/crates.io-index"
checksum = "812e12b5285cc515a9c72a5c1d3b6d46a19dac5acfef5265968c166106e31dd3"

[[package]]
name = "block-buffer"
version = "0.9.0"
source = "registry+https://github.com/rust-lang/crates.io-index"
checksum = "4152116fd6e9dadb291ae18fc1ec3575ed6d84c29642d97890f4b4a3417297e4"
dependencies = [
 "generic-array",
]

[[package]]
name = "block-buffer"
version = "0.10.4"
source = "registry+https://github.com/rust-lang/crates.io-index"
checksum = "3078c7629b62d3f0439517fa394996acacc5cbc91c5a20d8c658e77abd503a71"
dependencies = [
 "generic-array",
]

[[package]]
name = "borsh"
version = "1.5.7"
source = "registry+https://github.com/rust-lang/crates.io-index"
checksum = "ad8646f98db542e39fc66e68a20b2144f6a732636df7c2354e74645faaa433ce"
dependencies = [
 "borsh-derive",
 "cfg_aliases",
]

[[package]]
name = "borsh-derive"
version = "1.5.7"
source = "registry+https://github.com/rust-lang/crates.io-index"
checksum = "fdd1d3c0c2f5833f22386f252fe8ed005c7f59fdcddeef025c01b4c3b9fd9ac3"
dependencies = [
 "once_cell",
 "proc-macro-crate",
 "proc-macro2",
 "quote",
 "syn",
]

[[package]]
name = "bs58"
version = "0.5.1"
source = "registry+https://github.com/rust-lang/crates.io-index"
checksum = "bf88ba1141d185c399bee5288d850d63b8369520c1eafc32a0430b5b6c287bf4"
dependencies = [
 "tinyvec",
]

[[package]]
name = "bumpalo"
version = "3.19.0"
source = "registry+https://github.com/rust-lang/crates.io-index"
checksum = "46c5e41b57b8bba42a04676d81cb89e9ee8e859a1a66f80a5a72e1cb76b34d43"

[[package]]
name = "bytemuck"
version = "1.24.0"
source = "registry+https://github.com/rust-lang/crates.io-index"
checksum = "1fbdf580320f38b612e485521afda1ee26d10cc9884efaaa750d383e13e3c5f4"
dependencies = [
 "bytemuck_derive",
]

[[package]]
name = "bytemuck_derive"
version = "1.10.2"
source = "registry+https://github.com/rust-lang/crates.io-index"
checksum = "f9abbd1bc6865053c427f7198e6af43bfdedc55ab791faed4fbd361d789575ff"
dependencies = [
 "proc-macro2",
 "quote",
 "syn",
]

[[package]]
name = "byteorder"
version = "1.5.0"
source = "registry+https://github.com/rust-lang/crates.io-index"
checksum = "1fd0f2584146f6f2ef48085050886acf353beff7305ebd1ae69500e27c67f64b"

[[package]]
name = "cfg-if"
version = "1.0.4"
source = "registry+https://github.com/rust-lang/crates.io-index"
checksum = "9330f8b2ff13f34540b44e946ef35111825727b38d33286ef986142615121801"

[[package]]
name = "cfg_aliases"
version = "0.2.1"
source = "registry+https://github.com/rust-lang/crates.io-index"
checksum = "613afe47fcd5fac7ccf1db93babcb082c5994d996f20b8b159f2ad1658eb5724"

[[package]]
name = "cpufeatures"
version = "0.2.17"
source = "registry+https://github.com/rust-lang/crates.io-index"
checksum = "59ed5838eebb26a2bb2e58f6d5b5316989ae9d08bab10e0e6d103e656d1b0280"
dependencies = [
 "libc",
]

[[package]]
name = "crypto-common"
version = "0.1.7"
source = "registry+https://github.com/rust-lang/crates.io-index"
checksum = "78c8292055d1c1df0cce5d180393dc8cce0abec0a7102adb6c7b1eef6016d60a"
dependencies = [
 "generic-array",
 "typenum",
]

[[package]]
name = "curve25519-dalek"
version = "3.2.1"
source = "registry+https://github.com/rust-lang/crates.io-index"
checksum = "90f9d052967f590a76e62eb387bd0bbb1b000182c3cefe5364db6b7211651bc0"
dependencies = [
 "byteorder",
 "digest 0.9.0",
 "rand_core",
 "subtle",
 "zeroize",
]

[[package]]
name = "digest"
version = "0.9.0"
source = "registry+https://github.com/rust-lang/crates.io-index"
checksum = "d3dd60d1080a57a05ab032377049e0591415d2b31afd7028356dbf3cc6dcb066"
dependencies = [
 "generic-array",
]

[[package]]
name = "digest"
version = "0.10.7"
source = "registry+https://github.com/rust-lang/crates.io-index"
checksum = "9ed9a281f7bc9b7576e61468ba615a66a5c8cfdff42420a70aa82701a3b1e292"
dependencies = [
 "block-buffer 0.10.4",
 "crypto-common",
 "subtle",
]

[[package]]
name = "ed25519"
version = "1.5.3"
source = "registry+https://github.com/rust-lang/crates.io-index"
checksum = "91cff35c70bba8a626e3185d8cd48cc11b5437e1a5bcd15b9b5fa3c64b6dfee7"
dependencies = [
 "signature",
]

[[package]]
name = "ed25519-dalek"
version = "1.0.1"
source = "registry+https://github.com/rust-lang/crates.io-index"
checksum = "c762bae6dcaf24c4c84667b8579785430908723d5c889f469d76a41d59cc7a9d"
dependencies = [
 "curve25519-dalek",
 "ed25519",
 "rand",
 "serde",
 "sha2 0.9.9",
 "zeroize",
]

[[package]]
name = "equivalent"
version = "1.0.2"
source = "registry+https://github.com/rust-lang/crates.io-index"
checksum = "877a4ace8713b0bcf2a4e7eec82529c029f1d0619886d18145fea96c3ffe5c0f"

[[package]]
name = "five8"
version = "0.2.1"
source = "registry+https://github.com/rust-lang/crates.io-index"
checksum = "a75b8549488b4715defcb0d8a8a1c1c76a80661b5fa106b4ca0e7fce59d7d875"
dependencies = [
 "five8_core 0.1.2",
]

[[package]]
name = "five8"
version = "1.0.0"
source = "registry+https://github.com/rust-lang/crates.io-index"
checksum = "23f76610e969fa1784327ded240f1e28a3fd9520c9cec93b636fcf62dd37f772"
dependencies = [
 "five8_core 1.0.0",
]

[[package]]
name = "five8_const"
version = "0.1.4"
source = "registry+https://github.com/rust-lang/crates.io-index"
checksum = "26dec3da8bc3ef08f2c04f61eab298c3ab334523e55f076354d6d6f613799a7b"
dependencies = [
 "five8_core 0.1.2",
]

[[package]]
name = "five8_const"
version = "1.0.0"
source = "registry+https://github.com/rust-lang/crates.io-index"
checksum = "1a0f1728185f277989ca573a402716ae0beaaea3f76a8ff87ef9dd8fb19436c5"
dependencies = [
 "five8_core 1.0.0",
]

[[package]]
name = "five8_core"
version = "0.1.2"
source = "registry+https://github.com/rust-lang/crates.io-index"
checksum = "2551bf44bc5f776c15044b9b94153a00198be06743e262afaaa61f11ac7523a5"

[[package]]
name = "five8_core"
version = "1.0.0"
source = "registry+https://github.com/rust-lang/crates.io-index"
checksum = "059c31d7d36c43fe39d89e55711858b4da8be7eb6dabac23c7289b1a19489406"

[[package]]
name = "generic-array"
version = "0.14.7"
source = "registry+https://github.com/rust-lang/crates.io-index"
checksum = "85649ca51fd72272d7821adaf274ad91c288277713d9c18820d8499a7ff69e9a"
dependencies = [
 "typenum",
 "version_check",
]

[[package]]
name = "getrandom"
version = "0.1.16"
source = "registry+https://github.com/rust-lang/crates.io-index"
checksum = "8fc3cb4d91f53b50155bdcfd23f6a4c39ae1969c2ae85982b135750cccaf5fce"
dependencies = [
 "cfg-if",
 "libc",
 "wasi 0.9.0+wasi-snapshot-preview1",
]

[[package]]
name = "getrandom"
version = "0.2.16"
source = "registry+https://github.com/rust-lang/crates.io-index"
checksum = "335ff9f135e4384c8150d6f27c6daed433577f86b4750418338c01a1a2528592"
dependencies = [
 "cfg-if",
 "js-sys",
 "libc",
 "wasi 0.11.1+wasi-snapshot-preview1",
 "wasm-bindgen",
]

[[package]]
name = "hashbrown"
version = "0.16.1"
source = "registry+https://github.com/rust-lang/crates.io-index"
checksum = "841d1cc9bed7f9236f321df977030373f4a4163ae1a7dbfe1a51a2c1a51d9100"

[[package]]
name = "hmac"
version = "0.12.1"
source = "registry+https://github.com/rust-lang/crates.io-index"
checksum = "6c49c37c09c17a53d937dfbb742eb3a961d65a994e6bcdcf37e7399d0cc8ab5e"
dependencies = [
 "digest 0.10.7",
]

[[package]]
name = "indexmap"
version = "2.12.1"
source = "registry+https://github.com/rust-lang/crates.io-index"
checksum = "0ad4bb2b565bca0645f4d68c5c9af97fba094e9791da685bf83cb5f3ce74acf2"
dependencies = [
 "equivalent",
 "hashbrown",
]

[[package]]
name = "js-sys"
version = "0.3.82"
source = "registry+https://github.com/rust-lang/crates.io-index"
checksum = "b011eec8cc36da2aab2d5cff675ec18454fad408585853910a202391cf9f8e65"
dependencies = [
 "once_cell",
 "wasm-bindgen",
]

[[package]]
name = "lazy_static"
version = "1.5.0"
source = "registry+https://github.com/rust-lang/crates.io-index"
checksum = "bbd2bcb4c963f2ddae06a2efc7e9f3591312473c50c6685e1f298068316e66fe"

[[package]]
name = "libc"
version = "0.2.177"
source = "registry+https://github.com/rust-lang/crates.io-index"
checksum = "2874a2af47a2325c2001a6e6fad9b16a53b802102b528163885171cf92b15976"

[[package]]
name = "lock_api"
version = "0.4.14"
source = "registry+https://github.com/rust-lang/crates.io-index"
checksum = "224399e74b87b5f3557511d98dff8b14089b3dadafcab6bb93eab67d3aace965"
dependencies = [
 "scopeguard",
]

[[package]]
name = "memchr"
version = "2.7.6"
source = "registry+https://github.com/rust-lang/crates.io-index"
checksum = "f52b00d39961fc5b2736ea853c9cc86238e165017a493d1d5c8eac6bdc4cc273"

[[package]]
name = "mollusk"
version = "0.1.0"
source = "registry+https://github.com/rust-lang/crates.io-index"
checksum = "6e6a02d1e90ae2731954f3cc6eb0226d4d9808dd550fb06abf6834f4923e1c32"

[[package]]
name = "num-traits"
version = "0.2.19"
source = "registry+https://github.com/rust-lang/crates.io-index"
checksum = "071dfc062690e90b734c0b2273ce72ad0ffa95f0c74596bc250dcfd960262841"
dependencies = [
 "autocfg",
]

[[package]]
name = "once_cell"
version = "1.21.3"
source = "registry+https://github.com/rust-lang/crates.io-index"
checksum = "42f5e15c9953c5e4ccceeb2e7382a716482c34515315f7b03532b8b4e8393d2d"

[[package]]
name = "opaque-debug"
version = "0.3.1"
source = "registry+https://github.com/rust-lang/crates.io-index"
checksum = "c08d65885ee38876c4f86fa503fb49d7b507c2b62552df7c70b2fce627e06381"

[[package]]
name = "parking_lot"
version = "0.12.5"
source = "registry+https://github.com/rust-lang/crates.io-index"
checksum = "93857453250e3077bd71ff98b6a65ea6621a19bb0f559a85248955ac12c45a1a"
dependencies = [
 "lock_api",
 "parking_lot_core",
]

[[package]]
name = "parking_lot_core"
version = "0.9.12"
source = "registry+https://github.com/rust-lang/crates.io-index"
checksum = "2621685985a2ebf1c516881c026032ac7deafcda1a2c9b7850dc81e3dfcb64c1"
dependencies = [
 "cfg-if",
 "libc",
 "redox_syscall",
 "smallvec",
 "windows-link",
]

[[package]]
name = "pbkdf2"
version = "0.11.0"
source = "registry+https://github.com/rust-lang/crates.io-index"
checksum = "83a0692ec44e4cf1ef28ca317f14f8f07da2d95ec3fa01f86e4467b725e60917"
dependencies = [
 "digest 0.10.7",
]

[[package]]
name = "pinocchio"
version = "0.9.2"
source = "registry+https://github.com/rust-lang/crates.io-index"
checksum = "5b971851087bc3699b001954ad02389d50c41405ece3548cbcafc88b3e20017a"

[[package]]
name = "pinocchio-associated-token-account"
version = "0.2.0"
source = "registry+https://github.com/rust-lang/crates.io-index"
checksum = "d67472f0743a13e87da3acf259e23dc711066236a1118d885ea20a264bf7954b"
dependencies = [
 "pinocchio",
 "pinocchio-pubkey",
]

[[package]]
name = "pinocchio-pubkey"
version = "0.3.0"
source = "registry+https://github.com/rust-lang/crates.io-index"
checksum = "cb0225638cadcbebae8932cb7f49cb5da7c15c21beb19f048f05a5ca7d93f065"
dependencies = [
 "five8_const 0.1.4",
 "pinocchio",
 "sha2-const-stable",
]

[[package]]
name = "pinocchio-system"
version = "0.4.0"
source = "registry+https://github.com/rust-lang/crates.io-index"
checksum = "4be2a6dad40b5e75d1486f021619c4bd504c34c1362c9b94ed7fa525b1cc63cc"
dependencies = [
 "pinocchio",
 "pinocchio-pubkey",
]

[[package]]
name = "pinocchio-token-2022"
version = "0.1.0"
source = "registry+https://github.com/rust-lang/crates.io-index"
checksum = "0aec08d3b6eddafdacc17bd5b7842050394b0199062a3cc20428f1c40c9dbe7d"
dependencies = [
 "pinocchio",
 "pinocchio-pubkey",
]

[[package]]
name = "ppv-lite86"
version = "0.2.21"
source = "registry+https://github.com/rust-lang/crates.io-index"
checksum = "85eae3c4ed2f50dcfe72643da4befc30deadb458a9b590d720cde2f2b1e97da9"
dependencies = [
 "zerocopy",
]

[[package]]
name = "proc-macro-crate"
version = "3.4.0"
source = "registry+https://github.com/rust-lang/crates.io-index"
checksum = "219cb19e96be00ab2e37d6e299658a0cfa83e52429179969b0f0121b4ac46983"
dependencies = [
 "toml_edit",
]

[[package]]
name = "proc-macro2"
version = "1.0.103"
source = "registry+https://github.com/rust-lang/crates.io-index"
checksum = "5ee95bc4ef87b8d5ba32e8b7714ccc834865276eab0aed5c9958d00ec45f49e8"
dependencies = [
 "unicode-ident",
]

[[package]]
name = "quote"
version = "1.0.42"
source = "registry+https://github.com/rust-lang/crates.io-index"
checksum = "a338cc41d27e6cc6dce6cefc13a0729dfbb81c262b1f519331575dd80ef3067f"
dependencies = [
 "proc-macro2",
]

[[package]]
name = "rand"
version = "0.7.3"
source = "registry+https://github.com/rust-lang/crates.io-index"
checksum = "6a6b1679d49b24bbfe0c803429aa1874472f50d9b363131f0e89fc356b544d03"
dependencies = [
 "getrandom 0.1.16",
 "libc",
 "rand_chacha",
 "rand_core",
 "rand_hc",
]

[[package]]
name = "rand_chacha"
version = "0.2.2"
source = "registry+https://github.com/rust-lang/crates.io-index"
checksum = "f4c8ed856279c9737206bf725bf36935d8666ead7aa69b52be55af369d193402"
dependencies = [
 "ppv-lite86",
 "rand_core",
]

[[package]]
name = "rand_core"
version = "0.5.1"
source = "registry+https://github.com/rust-lang/crates.io-index"
checksum = "90bde5296fc891b0cef12a6d03ddccc162ce7b2aff54160af9338f8d40df6d19"
dependencies = [
 "getrandom 0.1.16",
]

[[package]]
name = "rand_hc"
version = "0.2.0"
source = "registry+https://github.com/rust-lang/crates.io-index"
checksum = "ca3129af7b92a17112d59ad498c6f81eaf463253766b90396d39ea7a39d6613c"
dependencies = [
 "rand_core",
]

[[package]]
name = "redox_syscall"
version = "0.5.18"
source = "registry+https://github.com/rust-lang/crates.io-index"
checksum = "ed2bf2547551a7053d6fdfafda3f938979645c44812fbfcda098faae3f1a362d"
dependencies = [
 "bitflags",
]

[[package]]
name = "rustversion"
version = "1.0.22"
source = "registry+https://github.com/rust-lang/crates.io-index"
checksum = "b39cdef0fa800fc44525c84ccb54a029961a8215f9619753635a9c0d2538d46d"

[[package]]
name = "scopeguard"
version = "1.2.0"
source = "registry+https://github.com/rust-lang/crates.io-index"
checksum = "94143f37725109f92c262ed2cf5e59bce7498c01bcc1502d7b9afe439a4e9f49"

[[package]]
name = "serde"
version = "1.0.228"
source = "registry+https://github.com/rust-lang/crates.io-index"
checksum = "9a8e94ea7f378bd32cbbd37198a4a91436180c5bb472411e48b5ec2e2124ae9e"
dependencies = [
 "serde_core",
]

[[package]]
name = "serde_core"
version = "1.0.228"
source = "registry+https://github.com/rust-lang/crates.io-index"
checksum = "41d385c7d4ca58e59fc732af25c3983b67ac852c1a25000afe1175de458b67ad"
dependencies = [
 "serde_derive",
]

[[package]]
name = "serde_derive"
version = "1.0.228"
source = "registry+https://github.com/rust-lang/crates.io-index"
checksum = "d540f220d3187173da220f885ab66608367b6574e925011a9353e4badda91d79"
dependencies = [
 "proc-macro2",
 "quote",
 "syn",
]

[[package]]
name = "sha2"
version = "0.9.9"
source = "registry+https://github.com/rust-lang/crates.io-index"
checksum = "4d58a1e1bf39749807d89cf2d98ac2dfa0ff1cb3faa38fbb64dd88ac8013d800"
dependencies = [
 "block-buffer 0.9.0",
 "cfg-if",
 "cpufeatures",
 "digest 0.9.0",
 "opaque-debug",
]

[[package]]
name = "sha2"
version = "0.10.9"
source = "registry+https://github.com/rust-lang/crates.io-index"
checksum = "a7507d819769d01a365ab707794a4084392c824f54a7a6a7862f8c3d0892b283"
dependencies = [
 "cfg-if",
 "cpufeatures",
 "digest 0.10.7",
]

[[package]]
name = "sha2-const-stable"
version = "0.1.0"
source = "registry+https://github.com/rust-lang/crates.io-index"
checksum = "5f179d4e11094a893b82fff208f74d448a7512f99f5a0acbd5c679b705f83ed9"

[[package]]
name = "signature"
version = "1.6.4"
source = "registry+https://github.com/rust-lang/crates.io-index"
checksum = "74233d3b3b2f6d4b006dc19dee745e73e2a6bfb6f93607cd3b02bd5b00797d7c"

[[package]]
name = "smallvec"
version = "1.15.1"
source = "registry+https://github.com/rust-lang/crates.io-index"
checksum = "67b1b7a3b5fe4f1376887184045fcf45c69e92af734b7aaddc05fb777b6fbd03"

[[package]]
name = "solana-account"
version = "3.2.0"
source = "registry+https://github.com/rust-lang/crates.io-index"
checksum = "014dcb9293341241dd153b35f89ea906e4170914f4a347a95e7fb07ade47cd6f"
dependencies = [
 "solana-account-info",
 "solana-clock",
 "solana-instruction-error",
 "solana-pubkey 3.0.0",
 "solana-sdk-ids",
]

[[package]]
name = "solana-account-info"
version = "3.1.0"
source = "registry+https://github.com/rust-lang/crates.io-index"
checksum = "fc3397241392f5756925029acaa8515dc70fcbe3d8059d4885d7d6533baf64fd"
dependencies = [
 "solana-address 2.0.0",
 "solana-program-error",
 "solana-program-memory",
]

[[package]]
name = "solana-address"
version = "1.1.0"
source = "registry+https://github.com/rust-lang/crates.io-index"
checksum = "a2ecac8e1b7f74c2baa9e774c42817e3e75b20787134b76cc4d45e8a604488f5"
dependencies = [
 "solana-address 2.0.0",
]

[[package]]
name = "solana-address"
version = "2.0.0"
source = "registry+https://github.com/rust-lang/crates.io-index"
checksum = "e37320fd2945c5d654b2c6210624a52d66c3f1f73b653ed211ab91a703b35bdd"
dependencies = [
 "borsh",
 "five8 1.0.0",
 "five8_const 1.0.0",
 "serde",
 "solana-atomic-u64 3.0.0",
 "solana-define-syscall 4.0.1",
 "solana-program-error",
 "solana-sanitize 3.0.1",
 "solana-sha256-hasher 3.1.0",
]

[[package]]
name = "solana-atomic-u64"
version = "2.2.1"
source = "registry+https://github.com/rust-lang/crates.io-index"
checksum = "d52e52720efe60465b052b9e7445a01c17550666beec855cce66f44766697bc2"
dependencies = [
 "parking_lot",
]

[[package]]
name = "solana-atomic-u64"
version = "3.0.0"
source = "registry+https://github.com/rust-lang/crates.io-index"
checksum = "a933ff1e50aff72d02173cfcd7511bd8540b027ee720b75f353f594f834216d0"
dependencies = [
 "parking_lot",
]

[[package]]
name = "solana-clock"
version = "3.0.0"
source = "registry+https://github.com/rust-lang/crates.io-index"
checksum = "fb62e9381182459a4520b5fe7fb22d423cae736239a6427fc398a88743d0ed59"
dependencies = [
 "solana-sdk-macro",
]

[[package]]
name = "solana-decode-error"
version = "2.3.0"
source = "registry+https://github.com/rust-lang/crates.io-index"
checksum = "8c781686a18db2f942e70913f7ca15dc120ec38dcab42ff7557db2c70c625a35"
dependencies = [
 "num-traits",
]

[[package]]
name = "solana-define-syscall"
version = "2.3.0"
source = "registry+https://github.com/rust-lang/crates.io-index"
checksum = "2ae3e2abcf541c8122eafe9a625d4d194b4023c20adde1e251f94e056bb1aee2"

[[package]]
name = "solana-define-syscall"
version = "4.0.1"
source = "registry+https://github.com/rust-lang/crates.io-index"
checksum = "57e5b1c0bc1d4a4d10c88a4100499d954c09d3fecfae4912c1a074dff68b1738"

[[package]]
name = "solana-gamble-onchain"
version = "0.0.0"
dependencies = [
 "bytemuck",
 "mollusk",
 "pinocchio",
 "pinocchio-associated-token-account",
 "pinocchio-system",
 "pinocchio-token-2022",
 "solana-account",
 "solana-instruction 3.1.0",
 "solana-keypair",
 "solana-pubkey 3.0.0",
 "solana-transaction",
]

[[package]]
name = "solana-hash"
version = "2.3.0"
source = "registry+https://github.com/rust-lang/crates.io-index"
checksum = "b5b96e9f0300fa287b545613f007dfe20043d7812bee255f418c1eb649c93b63"
dependencies = [
 "five8 0.2.1",
 "js-sys",
 "solana-atomic-u64 2.2.1",
 "solana-sanitize 2.2.1",
 "wasm-bindgen",
]

[[package]]
name = "solana-hash"
version = "3.1.0"
source = "registry+https://github.com/rust-lang/crates.io-index"
checksum = "337c246447142f660f778cf6cb582beba8e28deb05b3b24bfb9ffd7c562e5f41"
dependencies = [
 "solana-hash 4.0.1",
]

[[package]]
name = "solana-hash"
version = "4.0.1"
source = "registry+https://github.com/rust-lang/crates.io-index"
checksum = "6a5d48a6ee7b91fc7b998944ab026ed7b3e2fc8ee3bc58452644a86c2648152f"
dependencies = [
 "five8 1.0.0",
 "solana-atomic-u64 3.0.0",
 "solana-sanitize 3.0.1",
]

[[package]]
name = "solana-instruction"
version = "2.3.3"
source = "registry+https://github.com/rust-lang/crates.io-index"
checksum = "bab5682934bd1f65f8d2c16f21cb532526fcc1a09f796e2cacdb091eee5774ad"
dependencies = [
 "getrandom 0.2.16",
 "js-sys",
 "num-traits",
 "solana-define-syscall 2.3.0",
 "solana-pubkey 2.4.0",
 "wasm-bindgen",
]

[[package]]
name = "solana-instruction"
version = "3.1.0"
source = "registry+https://github.com/rust-lang/crates.io-index"
checksum = "ee1b699a2c1518028a9982e255e0eca10c44d90006542d9d7f9f40dbce3f7c78"
dependencies = [
 "borsh",
 "serde",
 "solana-define-syscall 4.0.1",
 "solana-instruction-error",
 "solana-pubkey 4.0.0",
]

[[package]]
name = "solana-instruction-error"
version = "2.1.0"
source = "registry+https://github.com/rust-lang/crates.io-index"
checksum = "b04259e03c05faf38a8c24217b5cfe4c90572ae6184ab49cddb1584fdd756d3f"
dependencies = [
 "num-traits",
 "solana-program-error",
]

[[package]]
name = "solana-keypair"
version = "2.2.3"
source = "registry+https://github.com/rust-lang/crates.io-index"
checksum = "bd3f04aa1a05c535e93e121a95f66e7dcccf57e007282e8255535d24bf1e98bb"
dependencies = [
 "ed25519-dalek",
 "five8 0.2.1",
 "rand",
 "solana-pubkey 2.4.0",
 "solana-seed-phrase",
 "solana-signature 2.3.0",
 "solana-signer",
 "wasm-bindgen",
]

[[package]]
name = "solana-message"
version = "3.0.1"
source = "registry+https://github.com/rust-lang/crates.io-index"
checksum = "85666605c9fd727f865ed381665db0a8fc29f984a030ecc1e40f43bfb2541623"
dependencies = [
 "lazy_static",
 "solana-address 1.1.0",
 "solana-hash 3.1.0",
 "solana-instruction 3.1.0",
 "solana-sanitize 3.0.1",
 "solana-sdk-ids",
 "solana-transaction-error 3.0.0",
]

[[package]]
name = "solana-program-error"
version = "3.0.0"
source = "registry+https://github.com/rust-lang/crates.io-index"
checksum = "a1af32c995a7b692a915bb7414d5f8e838450cf7c70414e763d8abcae7b51f28"

[[package]]
name = "solana-program-memory"
version = "3.1.0"
source = "registry+https://github.com/rust-lang/crates.io-index"
checksum = "4068648649653c2c50546e9a7fb761791b5ab0cda054c771bb5808d3a4b9eb52"
dependencies = [
 "solana-define-syscall 4.0.1",
]

[[package]]
name = "solana-pubkey"
version = "2.4.0"
source = "registry+https://github.com/rust-lang/crates.io-index"
checksum = "9b62adb9c3261a052ca1f999398c388f1daf558a1b492f60a6d9e64857db4ff1"
dependencies = [
 "five8 0.2.1",
 "five8_const 0.1.4",
 "getrandom 0.2.16",
 "js-sys",
 "num-traits",
 "solana-atomic-u64 2.2.1",
 "solana-decode-error",
 "solana-define-syscall 2.3.0",
 "solana-sanitize 2.2.1",
 "solana-sha256-hasher 2.3.0",
 "wasm-bindgen",
]

[[package]]
name = "solana-pubkey"
version = "3.0.0"
source = "registry+https://github.com/rust-lang/crates.io-index"
checksum = "8909d399deb0851aa524420beeb5646b115fd253ef446e35fe4504c904da3941"
dependencies = [
 "solana-address 1.1.0",
]

[[package]]
name = "solana-pubkey"
version = "4.0.0"
source = "registry+https://github.com/rust-lang/crates.io-index"
checksum = "a6f7104d456b58e1418c21a8581e89810278d1190f70f27ece7fc0b2c9282a57"
dependencies = [
 "solana-address 2.0.0",
]

[[package]]
name = "solana-sanitize"
version = "2.2.1"
source = "registry+https://github.com/rust-lang/crates.io-index"
checksum = "61f1bc1357b8188d9c4a3af3fc55276e56987265eb7ad073ae6f8180ee54cecf"

[[package]]
name = "solana-sanitize"
version = "3.0.1"
source = "registry+https://github.com/rust-lang/crates.io-index"
checksum = "dcf09694a0fc14e5ffb18f9b7b7c0f15ecb6eac5b5610bf76a1853459d19daf9"

[[package]]
name = "solana-sdk-ids"
version = "3.1.0"
source = "registry+https://github.com/rust-lang/crates.io-index"
checksum = "def234c1956ff616d46c9dd953f251fa7096ddbaa6d52b165218de97882b7280"
dependencies = [
 "solana-address 2.0.0",
]

[[package]]
name = "solana-sdk-macro"
version = "3.0.0"
source = "registry+https://github.com/rust-lang/crates.io-index"
checksum = "d6430000e97083460b71d9fbadc52a2ab2f88f53b3a4c5e58c5ae3640a0e8c00"
dependencies = [
 "bs58",
 "proc-macro2",
 "quote",
 "syn",
]

[[package]]
name = "solana-seed-phrase"
version = "2.2.1"
source = "registry+https://github.com/rust-lang/crates.io-index"
checksum = "36187af2324f079f65a675ec22b31c24919cb4ac22c79472e85d819db9bbbc15"
dependencies = [
 "hmac",
 "pbkdf2",
 "sha2 0.10.9",
]

[[package]]
name = "solana-sha256-hasher"
version = "2.3.0"
source = "registry+https://github.com/rust-lang/crates.io-index"
checksum = "5aa3feb32c28765f6aa1ce8f3feac30936f16c5c3f7eb73d63a5b8f6f8ecdc44"
dependencies = [
 "sha2 0.10.9",
 "solana-define-syscall 2.3.0",
 "solana-hash 2.3.0",
]

[[package]]
name = "solana-sha256-hasher"
version = "3.1.0"
source = "registry+https://github.com/rust-lang/crates.io-index"
checksum = "db7dc3011ea4c0334aaaa7e7128cb390ecf546b28d412e9bf2064680f57f588f"
dependencies = [
 "sha2 0.10.9",
 "solana-define-syscall 4.0.1",
 "solana-hash 4.0.1",
]

[[package]]
name = "solana-signature"
version = "2.3.0"
source = "registry+https://github.com/rust-lang/crates.io-index"
checksum = "64c8ec8e657aecfc187522fc67495142c12f35e55ddeca8698edbb738b8dbd8c"
dependencies = [
 "ed25519-dalek",
 "five8 0.2.1",
 "solana-sanitize 2.2.1",
]

[[package]]
name = "solana-signature"
version = "3.1.0"
source = "registry+https://github.com/rust-lang/crates.io-index"
checksum = "4bb8057cc0e9f7b5e89883d49de6f407df655bb6f3a71d0b7baf9986a2218fd9"
dependencies = [
 "five8 0.2.1",
 "solana-sanitize 3.0.1",
]

[[package]]
name = "solana-signer"
version = "2.2.1"
source = "registry+https://github.com/rust-lang/crates.io-index"
checksum = "7c41991508a4b02f021c1342ba00bcfa098630b213726ceadc7cb032e051975b"
dependencies = [
 "solana-pubkey 2.4.0",
 "solana-signature 2.3.0",
 "solana-transaction-error 2.2.1",
]

[[package]]
name = "solana-transaction"
version = "3.0.2"
source = "registry+https://github.com/rust-lang/crates.io-index"
checksum = "2ceb2efbf427a91b884709ffac4dac29117752ce1e37e9ae04977e450aa0bb76"
dependencies = [
 "solana-address 2.0.0",
 "solana-hash 4.0.1",
 "solana-instruction 3.1.0",
 "solana-instruction-error",
 "solana-message",
 "solana-sanitize 3.0.1",
 "solana-sdk-ids",
 "solana-signature 3.1.0",
 "solana-transaction-error 3.0.0",
]

[[package]]
name = "solana-transaction-error"
version = "2.2.1"
source = "registry+https://github.com/rust-lang/crates.io-index"
checksum = "222a9dc8fdb61c6088baab34fc3a8b8473a03a7a5fd404ed8dd502fa79b67cb1"
dependencies = [
 "solana-instruction 2.3.3",
 "solana-sanitize 2.2.1",
]

[[package]]
name = "solana-transaction-error"
version = "3.0.0"
source = "registry+https://github.com/rust-lang/crates.io-index"
checksum = "4222065402340d7e6aec9dc3e54d22992ddcf923d91edcd815443c2bfca3144a"
dependencies = [
 "solana-instruction-error",
 "solana-sanitize 3.0.1",
]

[[package]]
name = "subtle"
version = "2.6.1"
source = "registry+https://github.com/rust-lang/crates.io-index"
checksum = "13c2bddecc57b384dee18652358fb23172facb8a2c51ccc10d74c157bdea3292"

[[package]]
name = "syn"
version = "2.0.110"
source = "registry+https://github.com/rust-lang/crates.io-index"
checksum = "a99801b5bd34ede4cf3fc688c5919368fea4e4814a4664359503e6015b280aea"
dependencies = [
 "proc-macro2",
 "quote",
 "unicode-ident",
]

[[package]]
name = "tinyvec"
version = "1.10.0"
source = "registry+https://github.com/rust-lang/crates.io-index"
checksum = "bfa5fdc3bce6191a1dbc8c02d5c8bffcf557bafa17c124c5264a458f1b0613fa"
dependencies = [
 "tinyvec_macros",
]

[[package]]
name = "tinyvec_macros"
version = "0.1.1"
source = "registry+https://github.com/rust-lang/crates.io-index"
checksum = "1f3ccbac311fea05f86f61904b462b55fb3df8837a366dfc601a0161d0532f20"

[[package]]
name = "toml_datetime"
version = "0.7.3"
source = "registry+https://github.com/rust-lang/crates.io-index"
checksum = "f2cdb639ebbc97961c51720f858597f7f24c4fc295327923af55b74c3c724533"
dependencies = [
 "serde_core",
]

[[package]]
name = "toml_edit"
version = "0.23.7"
source = "registry+https://github.com/rust-lang/crates.io-index"
checksum = "6485ef6d0d9b5d0ec17244ff7eb05310113c3f316f2d14200d4de56b3cb98f8d"
dependencies = [
 "indexmap",
 "toml_datetime",
 "toml_parser",
 "winnow",
]

[[package]]
name = "toml_parser"
version = "1.0.4"
source = "registry+https://github.com/rust-lang/crates.io-index"
checksum = "c0cbe268d35bdb4bb5a56a2de88d0ad0eb70af5384a99d648cd4b3d04039800e"
dependencies = [
 "winnow",
]

[[package]]
name = "typenum"
version = "1.19.0"
source = "registry+https://github.com/rust-lang/crates.io-index"
checksum = "562d481066bde0658276a35467c4af00bdc6ee726305698a55b86e61d7ad82bb"

[[package]]
name = "unicode-ident"
version = "1.0.22"
source = "registry+https://github.com/rust-lang/crates.io-index"
checksum = "9312f7c4f6ff9069b165498234ce8be658059c6728633667c526e27dc2cf1df5"

[[package]]
name = "version_check"
version = "0.9.5"
source = "registry+https://github.com/rust-lang/crates.io-index"
checksum = "0b928f33d975fc6ad9f86c8f283853ad26bdd5b10b7f1542aa2fa15e2289105a"

[[package]]
name = "wasi"
version = "0.9.0+wasi-snapshot-preview1"
source = "registry+https://github.com/rust-lang/crates.io-index"
checksum = "cccddf32554fecc6acb585f82a32a72e28b48f8c4c1883ddfeeeaa96f7d8e519"

[[package]]
name = "wasi"
version = "0.11.1+wasi-snapshot-preview1"
source = "registry+https://github.com/rust-lang/crates.io-index"
checksum = "ccf3ec651a847eb01de73ccad15eb7d99f80485de043efb2f370cd654f4ea44b"

[[package]]
name = "wasm-bindgen"
version = "0.2.105"
source = "registry+https://github.com/rust-lang/crates.io-index"
checksum = "da95793dfc411fbbd93f5be7715b0578ec61fe87cb1a42b12eb625caa5c5ea60"
dependencies = [
 "cfg-if",
 "once_cell",
 "rustversion",
 "wasm-bindgen-macro",
 "wasm-bindgen-shared",
]

[[package]]
name = "wasm-bindgen-macro"
version = "0.2.105"
source = "registry+https://github.com/rust-lang/crates.io-index"
checksum = "04264334509e04a7bf8690f2384ef5265f05143a4bff3889ab7a3269adab59c2"
dependencies = [
 "quote",
 "wasm-bindgen-macro-support",
]

[[package]]
name = "wasm-bindgen-macro-support"
version = "0.2.105"
source = "registry+https://github.com/rust-lang/crates.io-index"
checksum = "420bc339d9f322e562942d52e115d57e950d12d88983a14c79b86859ee6c7ebc"
dependencies = [
 "bumpalo",
 "proc-macro2",
 "quote",
 "syn",
 "wasm-bindgen-shared",
]

[[package]]
name = "wasm-bindgen-shared"
version = "0.2.105"
source = "registry+https://github.com/rust-lang/crates.io-index"
checksum = "76f218a38c84bcb33c25ec7059b07847d465ce0e0a76b995e134a45adcb6af76"
dependencies = [
 "unicode-ident",
]

[[package]]
name = "windows-link"
version = "0.2.1"
source = "registry+https://github.com/rust-lang/crates.io-index"
checksum = "f0805222e57f7521d6a62e36fa9163bc891acd422f971defe97d64e70d0a4fe5"

[[package]]
name = "winnow"
version = "0.7.13"
source = "registry+https://github.com/rust-lang/crates.io-index"
checksum = "21a0236b59786fed61e2a80582dd500fe61f18b5dca67a4a067d0bc9039339cf"
dependencies = [
 "memchr",
]

[[package]]
name = "zerocopy"
version = "0.8.28"
source = "registry+https://github.com/rust-lang/crates.io-index"
checksum = "43fa6694ed34d6e57407afbccdeecfa268c470a7d2a5b0cf49ce9fcc345afb90"
dependencies = [
 "zerocopy-derive",
]

[[package]]
name = "zerocopy-derive"
version = "0.8.28"
source = "registry+https://github.com/rust-lang/crates.io-index"
checksum = "c640b22cd9817fae95be82f0d2f90b11f7605f6c319d16705c459b27ac2cbc26"
dependencies = [
 "proc-macro2",
 "quote",
 "syn",
]

[[package]]
name = "zeroize"
version = "1.3.0"
source = "registry+https://github.com/rust-lang/crates.io-index"
checksum = "4756f7db3f7b5574938c3eb1c117038b8e07f95ee6718c0efad4ac21508f1efd"
dependencies = [
 "zeroize_derive",
]

[[package]]
name = "zeroize_derive"
version = "1.4.2"
source = "registry+https://github.com/rust-lang/crates.io-index"
checksum = "ce36e65b0d2999d2aafac989fb249189a141aee1f53c612c1f37d72631959f69"
dependencies = [
 "proc-macro2",
 "quote",
 "syn",
]
